
Microsoft Visual Studio Solution File, Format Version 12.00
# Visual Studio Version 17
VisualStudioVersion = 17.1.32210.238
MinimumVisualStudioVersion = 10.0.40219.1
Project("{9A19103F-16F7-4668-BE54-9A1E7A4F7556}") = "BlazorWASMDemo.Server", "BlazorWASMDemo\Server\BlazorWASMDemo.Server.csproj", "{06237F47-0915-4399-BAC8-51F5F11276EC}"
EndProject
Project("{9A19103F-16F7-4668-BE54-9A1E7A4F7556}") = "BlazorWASMDemo.Client", "BlazorWASMDemo\Client\BlazorWASMDemo.Client.csproj", "{62B03F90-F329-463E-B795-70CF3B11129E}"
EndProject
Project("{9A19103F-16F7-4668-BE54-9A1E7A4F7556}") = "BlazorWASMDemo.Shared", "BlazorWASMDemo\Shared\BlazorWASMDemo.Shared.csproj", "{B485FC75-BB29-45CE-85E9-52DBC739C6E4}"
EndProject
Global
	GlobalSection(SolutionConfigurationPlatforms) = preSolution
		Debug|Any CPU = Debug|Any CPU
		Release|Any CPU = Release|Any CPU
	EndGlobalSection
	GlobalSection(ProjectConfigurationPlatforms) = postSolution
		{06237F47-0915-4399-BAC8-51F5F11276EC}.Debug|Any CPU.ActiveCfg = Debug|Any CPU
		{06237F47-0915-4399-BAC8-51F5F11276EC}.Debug|Any CPU.Build.0 = Debug|Any CPU
		{06237F47-0915-4399-BAC8-51F5F11276EC}.Release|Any CPU.ActiveCfg = Release|Any CPU
		{06237F47-0915-4399-BAC8-51F5F11276EC}.Release|Any CPU.Build.0 = Release|Any CPU
		{62B03F90-F329-463E-B795-70CF3B11129E}.Debug|Any CPU.ActiveCfg = Debug|Any CPU
		{62B03F90-F329-463E-B795-70CF3B11129E}.Debug|Any CPU.Build.0 = Debug|Any CPU
		{62B03F90-F329-463E-B795-70CF3B11129E}.Release|Any CPU.ActiveCfg = Release|Any CPU
		{62B03F90-F329-463E-B795-70CF3B11129E}.Release|Any CPU.Build.0 = Release|Any CPU
		{B485FC75-BB29-45CE-85E9-52DBC739C6E4}.Debug|Any CPU.ActiveCfg = Debug|Any CPU
		{B485FC75-BB29-45CE-85E9-52DBC739C6E4}.Debug|Any CPU.Build.0 = Debug|Any CPU
		{B485FC75-BB29-45CE-85E9-52DBC739C6E4}.Release|Any CPU.ActiveCfg = Release|Any CPU
		{B485FC75-BB29-45CE-85E9-52DBC739C6E4}.Release|Any CPU.Build.0 = Release|Any CPU
	EndGlobalSection
	GlobalSection(SolutionProperties) = preSolution
		HideSolutionNode = FALSE
	EndGlobalSection
	GlobalSection(ExtensibilityGlobals) = postSolution
		SolutionGuid = {870A74FF-D767-41A6-8794-ED0481010735}
	EndGlobalSection
EndGlobal
